
Microsoft Visual Studio Solution File, Format Version 12.00
# Visual Studio 2012
Project("{FAE04EC0-301F-11D3-BF4B-00C04F79EFBC}") = "BasicStatic", "BasicStatic\BasicStatic.csproj", "{0A87B815-A17F-42FB-9E00-5EE0B18DE738}"
EndProject
Global
	GlobalSection(SolutionConfigurationPlatforms) = preSolution
		Debug|x86 = Debug|x86
		Release|x86 = Release|x86
	EndGlobalSection
	GlobalSection(ProjectConfigurationPlatforms) = postSolution
		{0A87B815-A17F-42FB-9E00-5EE0B18DE738}.Debug|x86.ActiveCfg = Debug|x86
		{0A87B815-A17F-42FB-9E00-5EE0B18DE738}.Debug|x86.Build.0 = Debug|x86
		{0A87B815-A17F-42FB-9E00-5EE0B18DE738}.Release|x86.ActiveCfg = Release|x86
		{0A87B815-A17F-42FB-9E00-5EE0B18DE738}.Release|x86.Build.0 = Release|x86
	EndGlobalSection
EndGlobal
